// !$*UTF8*$!
{
	archiveVersion = 1;
	classes = {
	};
	objectVersion = 77;
	objects = {

/* Begin PBXBuildFile section */
		F26582962FD85E8B00C03409 /* WidgetKit.framework in Frameworks */ = {isa = PBXBuildFile; fileRef = F26582952FD85E8B00C03409 /* WidgetKit.framework */; };
		F26582982FD85E8B00C03409 /* SwiftUI.framework in Frameworks */ = {isa = PBXBuildFile; fileRef = F26582972FD85E8B00C03409 /* SwiftUI.framework */; };
		F26582A32FD85E8E00C03409 /* JustWaterWidgetExtension.appex in Embed Foundation Extensions */ = {isa = PBXBuildFile; fileRef = F26582932FD85E8A00C03409 /* JustWaterWidgetExtension.appex */; settings = {ATTRIBUTES = (RemoveHeadersOnCopy, ); }; };
/* End PBXBuildFile section */

/* Begin PBXContainerItemProxy section */
		F26582A12FD85E8E00C03409 /* PBXContainerItemProxy */ = {
			isa = PBXContainerItemProxy;
			containerPortal = F2A74DB82FB0BF6000D96A02 /* Project object */;
			proxyType = 1;
			remoteGlobalIDString = F26582922FD85E8A00C03409;
			remoteInfo = JustWaterWidgetExtension;
		};
		F2A74DD32FB0BF6300D96A02 /* PBXContainerItemProxy */ = {
			isa = PBXContainerItemProxy;
			containerPortal = F2A74DB82FB0BF6000D96A02 /* Project object */;
			proxyType = 1;
			remoteGlobalIDString = F2A74DBF2FB0BF6000D96A02;
			remoteInfo = JustWater;
		};
/* End PBXContainerItemProxy section */

/* Begin PBXCopyFilesBuildPhase section */
		F26582A82FD85E8E00C03409 /* Embed Foundation Extensions */ = {
			isa = PBXCopyFilesBuildPhase;
			buildActionMask = 2147483647;
			dstPath = "";
			dstSubfolderSpec = 13;
			files = (
				F26582A32FD85E8E00C03409 /* JustWaterWidgetExtension.appex in Embed Foundation Extensions */,
			);
			name = "Embed Foundation Extensions";
			runOnlyForDeploymentPostprocessing = 0;
		};
/* End PBXCopyFilesBuildPhase section */

/* Begin PBXFileReference section */
		F26582932FD85E8A00C03409 /* JustWaterWidgetExtension.appex */ = {isa = PBXFileReference; explicitFileType = "wrapper.app-extension"; includeInIndex = 0; path = JustWaterWidgetExtension.appex; sourceTree = BUILT_PRODUCTS_DIR; };
		F26582952FD85E8B00C03409 /* WidgetKit.framework */ = {isa = PBXFileReference; lastKnownFileType = wrapper.framework; name = WidgetKit.framework; path = System/Library/Frameworks/WidgetKit.framework; sourceTree = SDKROOT; };
		F26582972FD85E8B00C03409 /* SwiftUI.framework */ = {isa = PBXFileReference; lastKnownFileType = wrapper.framework; name = SwiftUI.framework; path = System/Library/Frameworks/SwiftUI.framework; sourceTree = SDKROOT; };
		F26582AA2FD8646200C03409 /* JustWaterWidgetExtensionRelease.entitlements */ = {isa = PBXFileReference; lastKnownFileType = text.plist.entitlements; path = JustWaterWidgetExtensionRelease.entitlements; sourceTree = "<group>"; };
		F2A74DC02FB0BF6000D96A02 /* JustWater.app */ = {isa = PBXFileReference; explicitFileType = wrapper.application; includeInIndex = 0; path = JustWater.app; sourceTree = BUILT_PRODUCTS_DIR; };
		F2A74DD22FB0BF6300D96A02 /* JustWaterTests.xctest */ = {isa = PBXFileReference; explicitFileType = wrapper.cfbundle; includeInIndex = 0; path = JustWaterTests.xctest; sourceTree = BUILT_PRODUCTS_DIR; };
/* End PBXFileReference section */

/* Begin PBXFileSystemSynchronizedBuildFileExceptionSet section */
		F26582A42FD85E8E00C03409 /* Exceptions for "JustWaterWidget" folder in "JustWaterWidgetExtension" target */ = {
			isa = PBXFileSystemSynchronizedBuildFileExceptionSet;
			membershipExceptions = (
				Info.plist,
			);
			target = F26582922FD85E8A00C03409 /* JustWaterWidgetExtension */;
		};
		F26582B22FD8650300C03409 /* Exceptions for "JustWater" folder in "JustWaterWidgetExtension" target */ = {
			isa = PBXFileSystemSynchronizedBuildFileExceptionSet;
			membershipExceptions = (
				Core/Units/MeasurementUnit.swift,
				Core/Units/MeasurementUnitConverter.swift,
				Core/Units/MeasurementUnitFormatter.swift,
				Core/Widget/WidgetConstants.swift,
				Core/Widget/WidgetHydrationSnapshot.swift,
				Core/Widget/WidgetSnapshotStorage.swift,
			);
			target = F26582922FD85E8A00C03409 /* JustWaterWidgetExtension */;
		};
		F2B1E1682FDF5B3500CF4AB9 /* Exceptions for "JustWater" folder in "JustWater" target */ = {
			isa = PBXFileSystemSynchronizedBuildFileExceptionSet;
			membershipExceptions = (
				Info.plist,
			);
			target = F2A74DBF2FB0BF6000D96A02 /* JustWater */;
		};
/* End PBXFileSystemSynchronizedBuildFileExceptionSet section */

/* Begin PBXFileSystemSynchronizedRootGroup section */
		F26582992FD85E8B00C03409 /* JustWaterWidget */ = {
			isa = PBXFileSystemSynchronizedRootGroup;
			exceptions = (
				F26582A42FD85E8E00C03409 /* Exceptions for "JustWaterWidget" folder in "JustWaterWidgetExtension" target */,
			);
			path = JustWaterWidget;
			sourceTree = "<group>";
		};
		F2A74DC22FB0BF6000D96A02 /* JustWater */ = {
			isa = PBXFileSystemSynchronizedRootGroup;
			exceptions = (
				F2B1E1682FDF5B3500CF4AB9 /* Exceptions for "JustWater" folder in "JustWater" target */,
				F26582B22FD8650300C03409 /* Exceptions for "JustWater" folder in "JustWaterWidgetExtension" target */,
			);
			path = JustWater;
			sourceTree = "<group>";
		};
		F2A74DD52FB0BF6300D96A02 /* JustWaterTests */ = {
			isa = PBXFileSystemSynchronizedRootGroup;
			path = JustWaterTests;
			sourceTree = "<group>";
		};
/* End PBXFileSystemSynchronizedRootGroup section */

/* Begin PBXFrameworksBuildPhase section */
		F26582902FD85E8A00C03409 /* Frameworks */ = {
			isa = PBXFrameworksBuildPhase;
			buildActionMask = 2147483647;
			files = (
				F26582982FD85E8B00C03409 /* SwiftUI.framework in Frameworks */,
				F26582962FD85E8B00C03409 /* WidgetKit.framework in Frameworks */,
			);
			runOnlyForDeploymentPostprocessing = 0;
		};
		F2A74DBD2FB0BF6000D96A02 /* Frameworks */ = {
			isa = PBXFrameworksBuildPhase;
			buildActionMask = 2147483647;
			files = (
			);
			runOnlyForDeploymentPostprocessing = 0;
		};
		F2A74DCF2FB0BF6300D96A02 /* Frameworks */ = {
			isa = PBXFrameworksBuildPhase;
			buildActionMask = 2147483647;
			files = (
			);
			runOnlyForDeploymentPostprocessing = 0;
		};
/* End PBXFrameworksBuildPhase section */

/* Begin PBXGroup section */
		F26582942FD85E8B00C03409 /* Frameworks */ = {
			isa = PBXGroup;
			children = (
				F26582952FD85E8B00C03409 /* WidgetKit.framework */,
				F26582972FD85E8B00C03409 /* SwiftUI.framework */,
			);
			name = Frameworks;
			sourceTree = "<group>";
		};
		F2A74DB72FB0BF6000D96A02 = {
			isa = PBXGroup;
			children = (
				F26582AA2FD8646200C03409 /* JustWaterWidgetExtensionRelease.entitlements */,
				F2A74DC22FB0BF6000D96A02 /* JustWater */,
				F2A74DD52FB0BF6300D96A02 /* JustWaterTests */,
				F26582992FD85E8B00C03409 /* JustWaterWidget */,
				F26582942FD85E8B00C03409 /* Frameworks */,
				F2A74DC12FB0BF6000D96A02 /* Products */,
			);
			sourceTree = "<group>";
		};
		F2A74DC12FB0BF6000D96A02 /* Products */ = {
			isa = PBXGroup;
			children = (
				F2A74DC02FB0BF6000D96A02 /* JustWater.app */,
				F2A74DD22FB0BF6300D96A02 /* JustWaterTests.xctest */,
				F26582932FD85E8A00C03409 /* JustWaterWidgetExtension.appex */,
			);
			name = Products;
			sourceTree = "<group>";
		};
/* End PBXGroup section */

/* Begin PBXNativeTarget section */
		F26582922FD85E8A00C03409 /* JustWaterWidgetExtension */ = {
			isa = PBXNativeTarget;
			buildConfigurationList = F26582A52FD85E8E00C03409 /* Build configuration list for PBXNativeTarget "JustWaterWidgetExtension" */;
			buildPhases = (
				F265828F2FD85E8A00C03409 /* Sources */,
				F26582902FD85E8A00C03409 /* Frameworks */,
				F26582912FD85E8A00C03409 /* Resources */,
			);
			buildRules = (
			);
			dependencies = (
			);
			fileSystemSynchronizedGroups = (
				F26582992FD85E8B00C03409 /* JustWaterWidget */,
			);
			name = JustWaterWidgetExtension;
			packageProductDependencies = (
			);
			productName = JustWaterWidgetExtension;
			productReference = F26582932FD85E8A00C03409 /* JustWaterWidgetExtension.appex */;
			productType = "com.apple.product-type.app-extension";
		};
		F2A74DBF2FB0BF6000D96A02 /* JustWater */ = {
			isa = PBXNativeTarget;
			buildConfigurationList = F2A74DE62FB0BF6300D96A02 /* Build configuration list for PBXNativeTarget "JustWater" */;
			buildPhases = (
				F2A74DBC2FB0BF6000D96A02 /* Sources */,
				F2A74DBD2FB0BF6000D96A02 /* Frameworks */,
				F2A74DBE2FB0BF6000D96A02 /* Resources */,
				F26582A82FD85E8E00C03409 /* Embed Foundation Extensions */,
			);
			buildRules = (
			);
			dependencies = (
				F26582A22FD85E8E00C03409 /* PBXTargetDependency */,
			);
			fileSystemSynchronizedGroups = (
				F2A74DC22FB0BF6000D96A02 /* JustWater */,
			);
			name = JustWater;
			packageProductDependencies = (
			);
			productName = JustWater;
			productReference = F2A74DC02FB0BF6000D96A02 /* JustWater.app */;
			productType = "com.apple.product-type.application";
		};
		F2A74DD12FB0BF6300D96A02 /* JustWaterTests */ = {
			isa = PBXNativeTarget;
			buildConfigurationList = F2A74DE92FB0BF6300D96A02 /* Build configuration list for PBXNativeTarget "JustWaterTests" */;
			buildPhases = (
				F2A74DCE2FB0BF6300D96A02 /* Sources */,
				F2A74DCF2FB0BF6300D96A02 /* Frameworks */,
				F2A74DD02FB0BF6300D96A02 /* Resources */,
			);
			buildRules = (
			);
			dependencies = (
				F2A74DD42FB0BF6300D96A02 /* PBXTargetDependency */,
			);
			fileSystemSynchronizedGroups = (
				F2A74DD52FB0BF6300D96A02 /* JustWaterTests */,
			);
			name = JustWaterTests;
			packageProductDependencies = (
			);
			productName = JustWaterTests;
			productReference = F2A74DD22FB0BF6300D96A02 /* JustWaterTests.xctest */;
			productType = "com.apple.product-type.bundle.unit-test";
		};
/* End PBXNativeTarget section */

/* Begin PBXProject section */
		F2A74DB82FB0BF6000D96A02 /* Project object */ = {
			isa = PBXProject;
			attributes = {
				BuildIndependentTargetsInParallel = 1;
				LastSwiftUpdateCheck = 2600;
				LastUpgradeCheck = 2600;
				TargetAttributes = {
					F26582922FD85E8A00C03409 = {
						CreatedOnToolsVersion = 26.0.1;
					};
					F2A74DBF2FB0BF6000D96A02 = {
						CreatedOnToolsVersion = 16.2;
					};
					F2A74DD12FB0BF6300D96A02 = {
						CreatedOnToolsVersion = 16.2;
						TestTargetID = F2A74DBF2FB0BF6000D96A02;
					};
				};
			};
			buildConfigurationList = F2A74DBB2FB0BF6000D96A02 /* Build configuration list for PBXProject "JustWater" */;
			developmentRegion = en;
			hasScannedForEncodings = 0;
			knownRegions = (
				en,
				Base,
				ru,
			);
			mainGroup = F2A74DB72FB0BF6000D96A02;
			minimizedProjectReferenceProxies = 1;
			preferredProjectObjectVersion = 77;
			productRefGroup = F2A74DC12FB0BF6000D96A02 /* Products */;
			projectDirPath = "";
			projectRoot = "";
			targets = (
				F2A74DBF2FB0BF6000D96A02 /* JustWater */,
				F2A74DD12FB0BF6300D96A02 /* JustWaterTests */,
				F26582922FD85E8A00C03409 /* JustWaterWidgetExtension */,
			);
		};
/* End PBXProject section */

/* Begin PBXResourcesBuildPhase section */
		F26582912FD85E8A00C03409 /* Resources */ = {
			isa = PBXResourcesBuildPhase;
			buildActionMask = 2147483647;
			files = (
			);
			runOnlyForDeploymentPostprocessing = 0;
		};
		F2A74DBE2FB0BF6000D96A02 /* Resources */ = {
			isa = PBXResourcesBuildPhase;
			buildActionMask = 2147483647;
			files = (
			);
			runOnlyForDeploymentPostprocessing = 0;
		};
		F2A74DD02FB0BF6300D96A02 /* Resources */ = {
			isa = PBXResourcesBuildPhase;
			buildActionMask = 2147483647;
			files = (
			);
			runOnlyForDeploymentPostprocessing = 0;
		};
/* End PBXResourcesBuildPhase section */

/* Begin PBXSourcesBuildPhase section */
		F265828F2FD85E8A00C03409 /* Sources */ = {
			isa = PBXSourcesBuildPhase;
			buildActionMask = 2147483647;
			files = (
			);
			runOnlyForDeploymentPostprocessing = 0;
		};
		F2A74DBC2FB0BF6000D96A02 /* Sources */ = {
			isa = PBXSourcesBuildPhase;
			buildActionMask = 2147483647;
			files = (
			);
			runOnlyForDeploymentPostprocessing = 0;
		};
		F2A74DCE2FB0BF6300D96A02 /* Sources */ = {
			isa = PBXSourcesBuildPhase;
			buildActionMask = 2147483647;
			files = (
			);
			runOnlyForDeploymentPostprocessing = 0;
		};
/* End PBXSourcesBuildPhase section */

/* Begin PBXTargetDependency section */
		F26582A22FD85E8E00C03409 /* PBXTargetDependency */ = {
			isa = PBXTargetDependency;
			target = F26582922FD85E8A00C03409 /* JustWaterWidgetExtension */;
			targetProxy = F26582A12FD85E8E00C03409 /* PBXContainerItemProxy */;
		};
		F2A74DD42FB0BF6300D96A02 /* PBXTargetDependency */ = {
			isa = PBXTargetDependency;
			target = F2A74DBF2FB0BF6000D96A02 /* JustWater */;
			targetProxy = F2A74DD32FB0BF6300D96A02 /* PBXContainerItemProxy */;
		};
/* End PBXTargetDependency section */

/* Begin XCBuildConfiguration section */
		F26582A62FD85E8E00C03409 /* Debug */ = {
			isa = XCBuildConfiguration;
			buildSettings = {
				ASSETCATALOG_COMPILER_GLOBAL_ACCENT_COLOR_NAME = AccentColor;
				ASSETCATALOG_COMPILER_WIDGET_BACKGROUND_COLOR_NAME = WidgetBackground;
				CODE_SIGN_ENTITLEMENTS = JustWaterWidgetExtensionRelease.entitlements;
				CODE_SIGN_STYLE = Automatic;
				CURRENT_PROJECT_VERSION = 3;
				GENERATE_INFOPLIST_FILE = YES;
				INFOPLIST_FILE = JustWaterWidget/Info.plist;
				INFOPLIST_KEY_CFBundleDisplayName = JustWaterWidget;
				INFOPLIST_KEY_NSHumanReadableCopyright = "";
				IPHONEOS_DEPLOYMENT_TARGET = 17.0;
				LD_RUNPATH_SEARCH_PATHS = (
					"$(inherited)",
					"@executable_path/Frameworks",
					"@executable_path/../../Frameworks",
				);
				MARKETING_VERSION = 1.1;
				PRODUCT_BUNDLE_IDENTIFIER = com.alexandrkazdev.JustWater.JustWaterWidget;
				PRODUCT_NAME = "$(TARGET_NAME)";
				SKIP_INSTALL = YES;
				STRING_CATALOG_GENERATE_SYMBOLS = YES;
				SUPPORTED_PLATFORMS = "iphoneos iphonesimulator";
				SUPPORTS_MACCATALYST = NO;
				SUPPORTS_MAC_DESIGNED_FOR_IPHONE_IPAD = NO;
				SUPPORTS_XR_DESIGNED_FOR_IPHONE_IPAD = NO;
				SWIFT_APPROACHABLE_CONCURRENCY = YES;
				SWIFT_EMIT_LOC_STRINGS = YES;
				SWIFT_UPCOMING_FEATURE_MEMBER_IMPORT_VISIBILITY = YES;
				SWIFT_VERSION = 5.0;
				TARGETED_DEVICE_FAMILY = 1;
			};
			name = Debug;
		};
		F26582A72FD85E8E00C03409 /* Release */ = {
			isa = XCBuildConfiguration;
			buildSettings = {
				ASSETCATALOG_COMPILER_GLOBAL_ACCENT_COLOR_NAME = AccentColor;
				ASSETCATALOG_COMPILER_WIDGET_BACKGROUND_COLOR_NAME = WidgetBackground;
				CODE_SIGN_ENTITLEMENTS = JustWaterWidgetExtensionRelease.entitlements;
				CODE_SIGN_STYLE = Automatic;
				CURRENT_PROJECT_VERSION = 3;
				GENERATE_INFOPLIST_FILE = YES;
				INFOPLIST_FILE = JustWaterWidget/Info.plist;
				INFOPLIST_KEY_CFBundleDisplayName = JustWaterWidget;
				INFOPLIST_KEY_NSHumanReadableCopyright = "";
				IPHONEOS_DEPLOYMENT_TARGET = 17.0;
				LD_RUNPATH_SEARCH_PATHS = (
					"$(inherited)",
					"@executable_path/Frameworks",
					"@executable_path/../../Frameworks",
				);
				MARKETING_VERSION = 1.1;
				PRODUCT_BUNDLE_IDENTIFIER = com.alexandrkazdev.JustWater.JustWaterWidget;
				PRODUCT_NAME = "$(TARGET_NAME)";
				SKIP_INSTALL = YES;
				STRING_CATALOG_GENERATE_SYMBOLS = YES;
				SUPPORTED_PLATFORMS = "iphoneos iphonesimulator";
				SUPPORTS_MACCATALYST = NO;
				SUPPORTS_MAC_DESIGNED_FOR_IPHONE_IPAD = NO;
				SUPPORTS_XR_DESIGNED_FOR_IPHONE_IPAD = NO;
				SWIFT_APPROACHABLE_CONCURRENCY = YES;
				SWIFT_EMIT_LOC_STRINGS = YES;
				SWIFT_UPCOMING_FEATURE_MEMBER_IMPORT_VISIBILITY = YES;
				SWIFT_VERSION = 5.0;
				TARGETED_DEVICE_FAMILY = 1;
			};
			name = Release;
		};
		F2A74DE42FB0BF6300D96A02 /* Debug */ = {
			isa = XCBuildConfiguration;
			buildSettings = {
				ALWAYS_SEARCH_USER_PATHS = NO;
				ASSETCATALOG_COMPILER_GENERATE_SWIFT_ASSET_SYMBOL_EXTENSIONS = YES;
				CLANG_ANALYZER_LOCALIZABILITY_NONLOCALIZED = YES;
				CLANG_ANALYZER_NONNULL = YES;
				CLANG_ANALYZER_NUMBER_OBJECT_CONVERSION = YES_AGGRESSIVE;
				CLANG_CXX_LANGUAGE_STANDARD = "gnu++20";
				CLANG_ENABLE_MODULES = YES;
				CLANG_ENABLE_OBJC_ARC = YES;
				CLANG_ENABLE_OBJC_WEAK = YES;
				CLANG_WARN_BLOCK_CAPTURE_AUTORELEASING = YES;
				CLANG_WARN_BOOL_CONVERSION = YES;
				CLANG_WARN_COMMA = YES;
				CLANG_WARN_CONSTANT_CONVERSION = YES;
				CLANG_WARN_DEPRECATED_OBJC_IMPLEMENTATIONS = YES;
				CLANG_WARN_DIRECT_OBJC_ISA_USAGE = YES_ERROR;
				CLANG_WARN_DOCUMENTATION_COMMENTS = YES;
				CLANG_WARN_EMPTY_BODY = YES;
				CLANG_WARN_ENUM_CONVERSION = YES;
				CLANG_WARN_INFINITE_RECURSION = YES;
				CLANG_WARN_INT_CONVERSION = YES;
				CLANG_WARN_NON_LITERAL_NULL_CONVERSION = YES;
				CLANG_WARN_OBJC_IMPLICIT_RETAIN_SELF = YES;
				CLANG_WARN_OBJC_LITERAL_CONVERSION = YES;
				CLANG_WARN_OBJC_ROOT_CLASS = YES_ERROR;
				CLANG_WARN_QUOTED_INCLUDE_IN_FRAMEWORK_HEADER = YES;
				CLANG_WARN_RANGE_LOOP_ANALYSIS = YES;
				CLANG_WARN_STRICT_PROTOTYPES = YES;
				CLANG_WARN_SUSPICIOUS_MOVE = YES;
				CLANG_WARN_UNGUARDED_AVAILABILITY = YES_AGGRESSIVE;
				CLANG_WARN_UNREACHABLE_CODE = YES;
				CLANG_WARN__DUPLICATE_METHOD_MATCH = YES;
				COPY_PHASE_STRIP = NO;
				DEBUG_INFORMATION_FORMAT = dwarf;
				DEVELOPMENT_TEAM = VF366472XD;
				ENABLE_STRICT_OBJC_MSGSEND = YES;
				ENABLE_TESTABILITY = YES;
				ENABLE_USER_SCRIPT_SANDBOXING = YES;
				GCC_C_LANGUAGE_STANDARD = gnu17;
				GCC_DYNAMIC_NO_PIC = NO;
				GCC_NO_COMMON_BLOCKS = YES;
				GCC_OPTIMIZATION_LEVEL = 0;
				GCC_PREPROCESSOR_DEFINITIONS = (
					"DEBUG=1",
					"$(inherited)",
				);
				GCC_WARN_64_TO_32_BIT_CONVERSION = YES;
				GCC_WARN_ABOUT_RETURN_TYPE = YES_ERROR;
				GCC_WARN_UNDECLARED_SELECTOR = YES;
				GCC_WARN_UNINITIALIZED_AUTOS = YES_AGGRESSIVE;
				GCC_WARN_UNUSED_FUNCTION = YES;
				GCC_WARN_UNUSED_VARIABLE = YES;
				IPHONEOS_DEPLOYMENT_TARGET = 18.2;
				LOCALIZATION_PREFERS_STRING_CATALOGS = YES;
				MTL_ENABLE_DEBUG_INFO = INCLUDE_SOURCE;
				MTL_FAST_MATH = YES;
				ONLY_ACTIVE_ARCH = YES;
				SDKROOT = iphoneos;
				STRING_CATALOG_GENERATE_SYMBOLS = YES;
				SWIFT_ACTIVE_COMPILATION_CONDITIONS = "DEBUG $(inherited)";
				SWIFT_EMIT_LOC_STRINGS = YES;
				SWIFT_OPTIMIZATION_LEVEL = "-Onone";
			};
			name = Debug;
		};
		F2A74DE52FB0BF6300D96A02 /* Release */ = {
			isa = XCBuildConfiguration;
			buildSettings = {
				ALWAYS_SEARCH_USER_PATHS = NO;
				ASSETCATALOG_COMPILER_GENERATE_SWIFT_ASSET_SYMBOL_EXTENSIONS = YES;
				CLANG_ANALYZER_LOCALIZABILITY_NONLOCALIZED = YES;
				CLANG_ANALYZER_NONNULL = YES;
				CLANG_ANALYZER_NUMBER_OBJECT_CONVERSION = YES_AGGRESSIVE;
				CLANG_CXX_LANGUAGE_STANDARD = "gnu++20";
				CLANG_ENABLE_MODULES = YES;
				CLANG_ENABLE_OBJC_ARC = YES;
				CLANG_ENABLE_OBJC_WEAK = YES;
				CLANG_WARN_BLOCK_CAPTURE_AUTORELEASING = YES;
				CLANG_WARN_BOOL_CONVERSION = YES;
				CLANG_WARN_COMMA = YES;
				CLANG_WARN_CONSTANT_CONVERSION = YES;
				CLANG_WARN_DEPRECATED_OBJC_IMPLEMENTATIONS = YES;
				CLANG_WARN_DIRECT_OBJC_ISA_USAGE = YES_ERROR;
				CLANG_WARN_DOCUMENTATION_COMMENTS = YES;
				CLANG_WARN_EMPTY_BODY = YES;
				CLANG_WARN_ENUM_CONVERSION = YES;
				CLANG_WARN_INFINITE_RECURSION = YES;
				CLANG_WARN_INT_CONVERSION = YES;
				CLANG_WARN_NON_LITERAL_NULL_CONVERSION = YES;
				CLANG_WARN_OBJC_IMPLICIT_RETAIN_SELF = YES;
				CLANG_WARN_OBJC_LITERAL_CONVERSION = YES;
				CLANG_WARN_OBJC_ROOT_CLASS = YES_ERROR;
				CLANG_WARN_QUOTED_INCLUDE_IN_FRAMEWORK_HEADER = YES;
				CLANG_WARN_RANGE_LOOP_ANALYSIS = YES;
				CLANG_WARN_STRICT_PROTOTYPES = YES;
				CLANG_WARN_SUSPICIOUS_MOVE = YES;
				CLANG_WARN_UNGUARDED_AVAILABILITY = YES_AGGRESSIVE;
				CLANG_WARN_UNREACHABLE_CODE = YES;
				CLANG_WARN__DUPLICATE_METHOD_MATCH = YES;
				COPY_PHASE_STRIP = NO;
				DEBUG_INFORMATION_FORMAT = "dwarf-with-dsym";
				DEVELOPMENT_TEAM = VF366472XD;
				ENABLE_NS_ASSERTIONS = NO;
				ENABLE_STRICT_OBJC_MSGSEND = YES;
				ENABLE_USER_SCRIPT_SANDBOXING = YES;
				GCC_C_LANGUAGE_STANDARD = gnu17;
				GCC_NO_COMMON_BLOCKS = YES;
				GCC_WARN_64_TO_32_BIT_CONVERSION = YES;
				GCC_WARN_ABOUT_RETURN_TYPE = YES_ERROR;
				GCC_WARN_UNDECLARED_SELECTOR = YES;
				GCC_WARN_UNINITIALIZED_AUTOS = YES_AGGRESSIVE;
				GCC_WARN_UNUSED_FUNCTION = YES;
				GCC_WARN_UNUSED_VARIABLE = YES;
				IPHONEOS_DEPLOYMENT_TARGET = 18.2;
				LOCALIZATION_PREFERS_STRING_CATALOGS = YES;
				MTL_ENABLE_DEBUG_INFO = NO;
				MTL_FAST_MATH = YES;
				SDKROOT = iphoneos;
				STRING_CATALOG_GENERATE_SYMBOLS = YES;
				SWIFT_COMPILATION_MODE = wholemodule;
				SWIFT_EMIT_LOC_STRINGS = YES;
				VALIDATE_PRODUCT = YES;
			};
			name = Release;
		};
		F2A74DE72FB0BF6300D96A02 /* Debug */ = {
			isa = XCBuildConfiguration;
			buildSettings = {
				ASSETCATALOG_COMPILER_APPICON_NAME = AppIcon;
				ASSETCATALOG_COMPILER_GLOBAL_ACCENT_COLOR_NAME = AccentColor;
				CODE_SIGN_ENTITLEMENTS = JustWater/JustWaterDebug.entitlements;
				CODE_SIGN_STYLE = Automatic;
				CURRENT_PROJECT_VERSION = 3;
				DEVELOPMENT_ASSET_PATHS = "\"JustWater/Preview Content\"";
				ENABLE_PREVIEWS = YES;
				GENERATE_INFOPLIST_FILE = YES;
				INFOPLIST_FILE = JustWater/Info.plist;
				INFOPLIST_KEY_CFBundleDisplayName = JustWater;
				INFOPLIST_KEY_LSApplicationCategoryType = "public.app-category.healthcare-fitness";
				INFOPLIST_KEY_NSHealthShareUsageDescription = "JustWater does not read data from Apple Health.";
				INFOPLIST_KEY_NSHealthUpdateUsageDescription = "JustWater saves your logged water intake to Apple Health when you enable Health sync.";
				INFOPLIST_KEY_UIApplicationSceneManifest_Generation = YES;
				INFOPLIST_KEY_UIApplicationSupportsIndirectInputEvents = YES;
				INFOPLIST_KEY_UILaunchScreen_Generation = YES;
				INFOPLIST_KEY_UILaunchStoryboardName = LaunchScreen;
				INFOPLIST_KEY_UISupportedInterfaceOrientations_iPad = "UIInterfaceOrientationPortrait UIInterfaceOrientationPortraitUpsideDown UIInterfaceOrientationLandscapeLeft UIInterfaceOrientationLandscapeRight";
				INFOPLIST_KEY_UISupportedInterfaceOrientations_iPhone = "UIInterfaceOrientationPortrait UIInterfaceOrientationLandscapeLeft UIInterfaceOrientationLandscapeRight";
				IPHONEOS_DEPLOYMENT_TARGET = 17.0;
				LD_RUNPATH_SEARCH_PATHS = (
					"$(inherited)",
					"@executable_path/Frameworks",
				);
				MARKETING_VERSION = 1.1;
				PRODUCT_BUNDLE_IDENTIFIER = com.alexandrkazdev.JustWater;
				PRODUCT_NAME = "$(TARGET_NAME)";
				SUPPORTED_PLATFORMS = "iphoneos iphonesimulator";
				SUPPORTS_MACCATALYST = NO;
				SUPPORTS_MAC_DESIGNED_FOR_IPHONE_IPAD = NO;
				SUPPORTS_XR_DESIGNED_FOR_IPHONE_IPAD = NO;
				SWIFT_EMIT_LOC_STRINGS = YES;
				SWIFT_VERSION = 5.0;
				TARGETED_DEVICE_FAMILY = 1;
			};
			name = Debug;
		};
		F2A74DE82FB0BF6300D96A02 /* Release */ = {
			isa = XCBuildConfiguration;
			buildSettings = {
				ASSETCATALOG_COMPILER_APPICON_NAME = AppIcon;
				ASSETCATALOG_COMPILER_GLOBAL_ACCENT_COLOR_NAME = AccentColor;
				CODE_SIGN_ENTITLEMENTS = JustWater/JustWaterRelease.entitlements;
				CODE_SIGN_STYLE = Automatic;
				CURRENT_PROJECT_VERSION = 3;
				DEVELOPMENT_ASSET_PATHS = "\"JustWater/Preview Content\"";
				ENABLE_PREVIEWS = YES;
				GENERATE_INFOPLIST_FILE = YES;
				INFOPLIST_FILE = JustWater/Info.plist;
				INFOPLIST_KEY_CFBundleDisplayName = JustWater;
				INFOPLIST_KEY_LSApplicationCategoryType = "public.app-category.healthcare-fitness";
				INFOPLIST_KEY_NSHealthShareUsageDescription = "JustWater does not read data from Apple Health.";
				INFOPLIST_KEY_NSHealthUpdateUsageDescription = "JustWater saves your logged water intake to Apple Health when you enable Health sync.";
				INFOPLIST_KEY_UIApplicationSceneManifest_Generation = YES;
				INFOPLIST_KEY_UIApplicationSupportsIndirectInputEvents = YES;
				INFOPLIST_KEY_UILaunchScreen_Generation = YES;
				INFOPLIST_KEY_UILaunchStoryboardName = LaunchScreen;
				INFOPLIST_KEY_UISupportedInterfaceOrientations_iPad = "UIInterfaceOrientationPortrait UIInterfaceOrientationPortraitUpsideDown UIInterfaceOrientationLandscapeLeft UIInterfaceOrientationLandscapeRight";
				INFOPLIST_KEY_UISupportedInterfaceOrientations_iPhone = "UIInterfaceOrientationPortrait UIInterfaceOrientationLandscapeLeft UIInterfaceOrientationLandscapeRight";
				IPHONEOS_DEPLOYMENT_TARGET = 17.0;
				LD_RUNPATH_SEARCH_PATHS = (
					"$(inherited)",
					"@executable_path/Frameworks",
				);
				MARKETING_VERSION = 1.1;
				PRODUCT_BUNDLE_IDENTIFIER = com.alexandrkazdev.JustWater;
				PRODUCT_NAME = "$(TARGET_NAME)";
				SUPPORTED_PLATFORMS = "iphoneos iphonesimulator";
				SUPPORTS_MACCATALYST = NO;
				SUPPORTS_MAC_DESIGNED_FOR_IPHONE_IPAD = NO;
				SUPPORTS_XR_DESIGNED_FOR_IPHONE_IPAD = NO;
				SWIFT_EMIT_LOC_STRINGS = YES;
				SWIFT_VERSION = 5.0;
				TARGETED_DEVICE_FAMILY = 1;
			};
			name = Release;
		};
		F2A74DEA2FB0BF6300D96A02 /* Debug */ = {
			isa = XCBuildConfiguration;
			buildSettings = {
				BUNDLE_LOADER = "$(TEST_HOST)";
				CODE_SIGN_STYLE = Automatic;
				CURRENT_PROJECT_VERSION = 1;
				GENERATE_INFOPLIST_FILE = YES;
				IPHONEOS_DEPLOYMENT_TARGET = 17.6;
				MARKETING_VERSION = 1.0;
				PRODUCT_BUNDLE_IDENTIFIER = com.alexandrkazdev.JustWaterTests;
				PRODUCT_NAME = "$(TARGET_NAME)";
				SWIFT_EMIT_LOC_STRINGS = NO;
				SWIFT_VERSION = 5.0;
				TARGETED_DEVICE_FAMILY = "1,2";
				TEST_HOST = "$(BUILT_PRODUCTS_DIR)/JustWater.app/$(BUNDLE_EXECUTABLE_FOLDER_PATH)/JustWater";
			};
			name = Debug;
		};
		F2A74DEB2FB0BF6300D96A02 /* Release */ = {
			isa = XCBuildConfiguration;
			buildSettings = {
				BUNDLE_LOADER = "$(TEST_HOST)";
				CODE_SIGN_STYLE = Automatic;
				CURRENT_PROJECT_VERSION = 1;
				GENERATE_INFOPLIST_FILE = YES;
				IPHONEOS_DEPLOYMENT_TARGET = 17.6;
				MARKETING_VERSION = 1.0;
				PRODUCT_BUNDLE_IDENTIFIER = com.alexandrkazdev.JustWaterTests;
				PRODUCT_NAME = "$(TARGET_NAME)";
				SWIFT_EMIT_LOC_STRINGS = NO;
				SWIFT_VERSION = 5.0;
				TARGETED_DEVICE_FAMILY = "1,2";
				TEST_HOST = "$(BUILT_PRODUCTS_DIR)/JustWater.app/$(BUNDLE_EXECUTABLE_FOLDER_PATH)/JustWater";
			};
			name = Release;
		};
/* End XCBuildConfiguration section */

/* Begin XCConfigurationList section */
		F26582A52FD85E8E00C03409 /* Build configuration list for PBXNativeTarget "JustWaterWidgetExtension" */ = {
			isa = XCConfigurationList;
			buildConfigurations = (
				F26582A62FD85E8E00C03409 /* Debug */,
				F26582A72FD85E8E00C03409 /* Release */,
			);
			defaultConfigurationIsVisible = 0;
			defaultConfigurationName = Release;
		};
		F2A74DBB2FB0BF6000D96A02 /* Build configuration list for PBXProject "JustWater" */ = {
			isa = XCConfigurationList;
			buildConfigurations = (
				F2A74DE42FB0BF6300D96A02 /* Debug */,
				F2A74DE52FB0BF6300D96A02 /* Release */,
			);
			defaultConfigurationIsVisible = 0;
			defaultConfigurationName = Release;
		};
		F2A74DE62FB0BF6300D96A02 /* Build configuration list for PBXNativeTarget "JustWater" */ = {
			isa = XCConfigurationList;
			buildConfigurations = (
				F2A74DE72FB0BF6300D96A02 /* Debug */,
				F2A74DE82FB0BF6300D96A02 /* Release */,
			);
			defaultConfigurationIsVisible = 0;
			defaultConfigurationName = Release;
		};
		F2A74DE92FB0BF6300D96A02 /* Build configuration list for PBXNativeTarget "JustWaterTests" */ = {
			isa = XCConfigurationList;
			buildConfigurations = (
				F2A74DEA2FB0BF6300D96A02 /* Debug */,
				F2A74DEB2FB0BF6300D96A02 /* Release */,
			);
			defaultConfigurationIsVisible = 0;
			defaultConfigurationName = Release;
		};
/* End XCConfigurationList section */
	};
	rootObject = F2A74DB82FB0BF6000D96A02 /* Project object */;
}
